
Microsoft Visual Studio Solution File, Format Version 12.00
# Visual Studio Version 17
VisualStudioVersion = 17.0.31903.59
MinimumVisualStudioVersion = 10.0.40219.1
Project("{FAE04EC0-301F-11D3-BF4B-00C04F79EFBC}") = "hcodef", "hcodef\hcodef.csproj", "{EBCBC987-478A-488E-9E41-7A6ADF5780D2}"
EndProject
Global
	GlobalSection(SolutionConfigurationPlatforms) = preSolution
		Debug|Any CPU = Debug|Any CPU
		Release|Any CPU = Release|Any CPU
	EndGlobalSection
	GlobalSection(ProjectConfigurationPlatforms) = postSolution
		{EBCBC987-478A-488E-9E41-7A6ADF5780D2}.Debug|Any CPU.ActiveCfg = Debug|Any CPU
		{EBCBC987-478A-488E-9E41-7A6ADF5780D2}.Debug|Any CPU.Build.0 = Debug|Any CPU
		{EBCBC987-478A-488E-9E41-7A6ADF5780D2}.Release|Any CPU.ActiveCfg = Release|Any CPU
		{EBCBC987-478A-488E-9E41-7A6ADF5780D2}.Release|Any CPU.Build.0 = Release|Any CPU
	EndGlobalSection
	GlobalSection(SolutionProperties) = preSolution
		HideSolutionNode = FALSE
	EndGlobalSection
	GlobalSection(ExtensibilityGlobals) = postSolution
		SolutionGuid = {D8DBEBF4-3A70-4DD0-B809-911EC8007E20}
	EndGlobalSection
EndGlobal
